# THIS IS AN AUTOGENERATED FILE. DO NOT EDIT THIS FILE DIRECTLY.
# yarn lockfile v1
assertion-error@^1.0.1:
  version "1.0.2"
  resolved "https://registry.yarnpkg.com/assertion-error/-/assertion-error-1.0.2.tgz#13ca515d86206da0bac66e834dd397d87581094c"

bit-mask@0.0.2-alpha:
  version "0.0.2-alpha"
  resolved "https://registry.yarnpkg.com/bit-mask/-/bit-mask-0.0.2-alpha.tgz#42880fa80055151165d5fa15b331bc0459c27372"
  dependencies:
    prime "0.0.5-alpha"

call-me-maybe@^1.0.1:
  version "1.0.1"
  resolved "https://registry.yarnpkg.com/call-me-maybe/-/call-me-maybe-1.0.1.tgz#26d208ea89e37b5cbde60250a15f031c16a4d66b"

chai-files:
  version "1.4.0"
  resolved "https://registry.yarnpkg.com/chai-files/-/chai-files-1.4.0.tgz#0e25610fadc551b1eae79c2f4ee79faf2f842296"
  dependencies:
    assertion-error "^1.0.1"

chai-fs:
  version "1.0.0"
  resolved "https://registry.yarnpkg.com/chai-fs/-/chai-fs-1.0.0.tgz#8b242852748a54f1df91f1ea430bb39748cf7421"
  dependencies:
    bit-mask "0.0.2-alpha"
    readdir-enhanced "^1.4.0"

es6-promise@^4.1.0:
  version "4.1.0"
  resolved "https://registry.yarnpkg.com/es6-promise/-/es6-promise-4.1.0.tgz#dda03ca8f9f89bc597e689842929de7ba8cebdf0"

fs-extra:
  version "3.0.1"
  resolved "https://registry.yarnpkg.com/fs-extra/-/fs-extra-3.0.1.tgz#3794f378c58b342ea7dbbb23095109c4b3b62291"
  dependencies:
    graceful-fs "^4.1.2"
    jsonfile "^3.0.0"
    universalify "^0.1.0"

glob-to-regexp@^0.3.0:
  version "0.3.0"
  resolved "https://registry.yarnpkg.com/glob-to-regexp/-/glob-to-regexp-0.3.0.tgz#8c5a1494d2066c570cc3bfe4496175acc4d502ab"

graceful-fs@^4.1.2, graceful-fs@^4.1.6:
  version "4.1.11"
  resolved "https://registry.yarnpkg.com/graceful-fs/-/graceful-fs-4.1.11.tgz#0e8bdfe4d1ddb8854d64e04ea7c00e2a026e5658"

jsonfile@^3.0.0:
  version "3.0.0"
  resolved "https://registry.yarnpkg.com/jsonfile/-/jsonfile-3.0.0.tgz#92e7c7444e5ffd5fa32e6a9ae8b85034df8347d0"
  optionalDependencies:
    graceful-fs "^4.1.6"

prime@0.0.5-alpha:
  version "0.0.5-alpha"
  resolved "https://registry.yarnpkg.com/prime/-/prime-0.0.5-alpha.tgz#e4d49a657bed2eb30e513adc6e5dfb83622e90c1"

readdir-enhanced@^1.4.0:
  version "1.5.2"
  resolved "https://registry.yarnpkg.com/readdir-enhanced/-/readdir-enhanced-1.5.2.tgz#61463048690ac6a455b75b62fa78a88f8dc85e53"
  dependencies:
    call-me-maybe "^1.0.1"
    es6-promise "^4.1.0"
    glob-to-regexp "^0.3.0"

universalify@^0.1.0:
  version "0.1.0"
  resolved "https://registry.yarnpkg.com/universalify/-/universalify-0.1.0.tgz#9eb1c4651debcc670cc94f1a75762332bb967778"

